
Microsoft Visual Studio Solution File, Format Version 12.00
# Visual Studio Version 16
VisualStudioVersion = 16.0.32228.343
MinimumVisualStudioVersion = 10.0.40219.1
Project("{FAE04EC0-301F-11D3-BF4B-00C04F79EFBC}") = "myhealthcareapi", "myhealthcareapi\myhealthcareapi.csproj", "{D235ACC9-0930-40D7-B139-1F8989DF5C11}"
EndProject
Global
	GlobalSection(SolutionConfigurationPlatforms) = preSolution
		Debug|Any CPU = Debug|Any CPU
		Release|Any CPU = Release|Any CPU
	EndGlobalSection
	GlobalSection(ProjectConfigurationPlatforms) = postSolution
		{D235ACC9-0930-40D7-B139-1F8989DF5C11}.Debug|Any CPU.ActiveCfg = Debug|Any CPU
		{D235ACC9-0930-40D7-B139-1F8989DF5C11}.Debug|Any CPU.Build.0 = Debug|Any CPU
		{D235ACC9-0930-40D7-B139-1F8989DF5C11}.Release|Any CPU.ActiveCfg = Release|Any CPU
		{D235ACC9-0930-40D7-B139-1F8989DF5C11}.Release|Any CPU.Build.0 = Release|Any CPU
	EndGlobalSection
	GlobalSection(SolutionProperties) = preSolution
		HideSolutionNode = FALSE
	EndGlobalSection
	GlobalSection(ExtensibilityGlobals) = postSolution
		SolutionGuid = {2FD63ABB-B8B9-45E2-8C91-DC3BFC480847}
	EndGlobalSection
EndGlobal
